{
  "pins" : [
    {
      "identity" : "purchases-ios-spm",
      "kind" : "remoteSourceControl",
      "location" : "https://github.com/RevenueCat/purchases-ios-spm.git",
      "state" : {
        "revision" : "5f7fa0b5c3324ae763365c08e61f29692d18454b",
        "version" : "4.44.2"
      }
    }
  ],
  "version" : 2
}
